// !$*UTF8*$!
{
	archiveVersion = 1;
	classes = {
	};
	objectVersion = 50;
	objects = {

/* Begin PBXBuildFile section */
		0B6473BA25B44D7800D2F1DC /* UIButtonExtension.swift in Sources */ = {isa = PBXBuildFile; fileRef = 0B6473B925B44D7800D2F1DC /* UIButtonExtension.swift */; };
		0B6473C125B4B5BE00D2F1DC /* FloatingActionButton.swift in Sources */ = {isa = PBXBuildFile; fileRef = 0B6473C025B4B5BE00D2F1DC /* FloatingActionButton.swift */; };
		0B67832C25AF2ACD00C2FDC8 /* Theme.swift in Sources */ = {isa = PBXBuildFile; fileRef = 0B67832B25AF2ACD00C2FDC8 /* Theme.swift */; };
		0B67832F25AF406D00C2FDC8 /* FugazOne-Regular.ttf in Resources */ = {isa = PBXBuildFile; fileRef = 0B67832E25AF406C00C2FDC8 /* FugazOne-Regular.ttf */; };
		0B67833325AF480100C2FDC8 /* Colors.xcassets in Resources */ = {isa = PBXBuildFile; fileRef = 0B67833225AF480000C2FDC8 /* Colors.xcassets */; };
		0B846BA225AD8F110000D4E4 /* UIViewExtensions.swift in Sources */ = {isa = PBXBuildFile; fileRef = 0B846BA125AD8F110000D4E4 /* UIViewExtensions.swift */; };
		0B934F4025AC4AE000C8190E /* TripsViewController.storyboard in Resources */ = {isa = PBXBuildFile; fileRef = 0B934F3F25AC4AE000C8190E /* TripsViewController.storyboard */; };
		0B934F4325AC4AFF00C8190E /* TripsViewController.swift in Sources */ = {isa = PBXBuildFile; fileRef = 0B934F4225AC4AFF00C8190E /* TripsViewController.swift */; };
		0B934F4C25AC5CA900C8190E /* TripsTableViewCell.swift in Sources */ = {isa = PBXBuildFile; fileRef = 0B934F4B25AC5CA900C8190E /* TripsTableViewCell.swift */; };
		0B9E45BB259CF83C0017CDA7 /* AppDelegate.swift in Sources */ = {isa = PBXBuildFile; fileRef = 0B9E45BA259CF83C0017CDA7 /* AppDelegate.swift */; };
		0B9E45BD259CF83C0017CDA7 /* SceneDelegate.swift in Sources */ = {isa = PBXBuildFile; fileRef = 0B9E45BC259CF83C0017CDA7 /* SceneDelegate.swift */; };
		0B9E45C4259CF8400017CDA7 /* Assets.xcassets in Resources */ = {isa = PBXBuildFile; fileRef = 0B9E45C3259CF8400017CDA7 /* Assets.xcassets */; };
		0B9E45C7259CF8400017CDA7 /* LaunchScreen.storyboard in Resources */ = {isa = PBXBuildFile; fileRef = 0B9E45C5259CF8400017CDA7 /* LaunchScreen.storyboard */; };
		0BA6D4BE25A8E8A400E358D1 /* TripModel.swift in Sources */ = {isa = PBXBuildFile; fileRef = 0BA6D4BD25A8E8A400E358D1 /* TripModel.swift */; };
		0BA6D4C125A8E8BE00E358D1 /* TripFunctions.swift in Sources */ = {isa = PBXBuildFile; fileRef = 0BA6D4C025A8E8BE00E358D1 /* TripFunctions.swift */; };
		0BA6D4C425A8EB1500E358D1 /* Data.swift in Sources */ = {isa = PBXBuildFile; fileRef = 0BA6D4C325A8EB1500E358D1 /* Data.swift */; };
		D94361BA25BEE33A005A53A4 /* PopupUIView.swift in Sources */ = {isa = PBXBuildFile; fileRef = D94361B925BEE33A005A53A4 /* PopupUIView.swift */; };
		D94361BD25BEF6F0005A53A4 /* AppUIButton.swift in Sources */ = {isa = PBXBuildFile; fileRef = D94361BC25BEF6F0005A53A4 /* AppUIButton.swift */; };
		D96E7B2C25BB2AAC00044D53 /* AddTripViewController.storyboard in Resources */ = {isa = PBXBuildFile; fileRef = D96E7B2B25BB2AAC00044D53 /* AddTripViewController.storyboard */; };
		D96E7B3025BB2B3D00044D53 /* AddTripViewController.swift in Sources */ = {isa = PBXBuildFile; fileRef = D96E7B2F25BB2B3D00044D53 /* AddTripViewController.swift */; };
/* End PBXBuildFile section */

/* Begin PBXFileReference section */
		0B6473B925B44D7800D2F1DC /* UIButtonExtension.swift */ = {isa = PBXFileReference; lastKnownFileType = sourcecode.swift; path = UIButtonExtension.swift; sourceTree = "<group>"; };
		0B6473C025B4B5BE00D2F1DC /* FloatingActionButton.swift */ = {isa = PBXFileReference; lastKnownFileType = sourcecode.swift; path = FloatingActionButton.swift; sourceTree = "<group>"; };
		0B67832B25AF2ACD00C2FDC8 /* Theme.swift */ = {isa = PBXFileReference; lastKnownFileType = sourcecode.swift; path = Theme.swift; sourceTree = "<group>"; };
		0B67832E25AF406C00C2FDC8 /* FugazOne-Regular.ttf */ = {isa = PBXFileReference; lastKnownFileType = file; path = "FugazOne-Regular.ttf"; sourceTree = "<group>"; };
		0B67833225AF480000C2FDC8 /* Colors.xcassets */ = {isa = PBXFileReference; lastKnownFileType = folder.assetcatalog; path = Colors.xcassets; sourceTree = "<group>"; };
		0B846BA125AD8F110000D4E4 /* UIViewExtensions.swift */ = {isa = PBXFileReference; lastKnownFileType = sourcecode.swift; path = UIViewExtensions.swift; sourceTree = "<group>"; };
		0B934F3F25AC4AE000C8190E /* TripsViewController.storyboard */ = {isa = PBXFileReference; lastKnownFileType = file.storyboard; path = TripsViewController.storyboard; sourceTree = "<group>"; };
		0B934F4225AC4AFF00C8190E /* TripsViewController.swift */ = {isa = PBXFileReference; lastKnownFileType = sourcecode.swift; path = TripsViewController.swift; sourceTree = "<group>"; };
		0B934F4B25AC5CA900C8190E /* TripsTableViewCell.swift */ = {isa = PBXFileReference; lastKnownFileType = sourcecode.swift; path = TripsTableViewCell.swift; sourceTree = "<group>"; };
		0B9E45B7259CF83C0017CDA7 /* Itinerary App.app */ = {isa = PBXFileReference; explicitFileType = wrapper.application; includeInIndex = 0; path = "Itinerary App.app"; sourceTree = BUILT_PRODUCTS_DIR; };
		0B9E45BA259CF83C0017CDA7 /* AppDelegate.swift */ = {isa = PBXFileReference; lastKnownFileType = sourcecode.swift; path = AppDelegate.swift; sourceTree = "<group>"; };
		0B9E45BC259CF83C0017CDA7 /* SceneDelegate.swift */ = {isa = PBXFileReference; lastKnownFileType = sourcecode.swift; path = SceneDelegate.swift; sourceTree = "<group>"; };
		0B9E45C3259CF8400017CDA7 /* Assets.xcassets */ = {isa = PBXFileReference; lastKnownFileType = folder.assetcatalog; path = Assets.xcassets; sourceTree = "<group>"; };
		0B9E45C6259CF8400017CDA7 /* Base */ = {isa = PBXFileReference; lastKnownFileType = file.storyboard; name = Base; path = Base.lproj/LaunchScreen.storyboard; sourceTree = "<group>"; };
		0B9E45C8259CF8400017CDA7 /* Info.plist */ = {isa = PBXFileReference; lastKnownFileType = text.plist.xml; path = Info.plist; sourceTree = "<group>"; };
		0BA6D4BD25A8E8A400E358D1 /* TripModel.swift */ = {isa = PBXFileReference; lastKnownFileType = sourcecode.swift; path = TripModel.swift; sourceTree = "<group>"; };
		0BA6D4C025A8E8BE00E358D1 /* TripFunctions.swift */ = {isa = PBXFileReference; lastKnownFileType = sourcecode.swift; path = TripFunctions.swift; sourceTree = "<group>"; };
		0BA6D4C325A8EB1500E358D1 /* Data.swift */ = {isa = PBXFileReference; lastKnownFileType = sourcecode.swift; path = Data.swift; sourceTree = "<group>"; };
		D94361B925BEE33A005A53A4 /* PopupUIView.swift */ = {isa = PBXFileReference; lastKnownFileType = sourcecode.swift; path = PopupUIView.swift; sourceTree = "<group>"; };
		D94361BC25BEF6F0005A53A4 /* AppUIButton.swift */ = {isa = PBXFileReference; lastKnownFileType = sourcecode.swift; path = AppUIButton.swift; sourceTree = "<group>"; };
		D96E7B2B25BB2AAC00044D53 /* AddTripViewController.storyboard */ = {isa = PBXFileReference; fileEncoding = 4; lastKnownFileType = file.storyboard; path = AddTripViewController.storyboard; sourceTree = "<group>"; };
		D96E7B2F25BB2B3D00044D53 /* AddTripViewController.swift */ = {isa = PBXFileReference; lastKnownFileType = sourcecode.swift; path = AddTripViewController.swift; sourceTree = "<group>"; };
/* End PBXFileReference section */

/* Begin PBXFrameworksBuildPhase section */
		0B9E45B4259CF83C0017CDA7 /* Frameworks */ = {
			isa = PBXFrameworksBuildPhase;
			buildActionMask = 2147483647;
			files = (
			);
			runOnlyForDeploymentPostprocessing = 0;
		};
/* End PBXFrameworksBuildPhase section */

/* Begin PBXGroup section */
		0B67832A25AF2AA000C2FDC8 /* Resources */ = {
			isa = PBXGroup;
			children = (
				D94361B825BEE2AD005A53A4 /* CustomControls */,
				0B846BA025AD8EE10000D4E4 /* Extensions */,
				0B67832B25AF2ACD00C2FDC8 /* Theme.swift */,
				0B67832E25AF406C00C2FDC8 /* FugazOne-Regular.ttf */,
				0B67833225AF480000C2FDC8 /* Colors.xcassets */,
			);
			path = Resources;
			sourceTree = "<group>";
		};
		0B846BA025AD8EE10000D4E4 /* Extensions */ = {
			isa = PBXGroup;
			children = (
				0B846BA125AD8F110000D4E4 /* UIViewExtensions.swift */,
				0B6473B925B44D7800D2F1DC /* UIButtonExtension.swift */,
				0B6473C025B4B5BE00D2F1DC /* FloatingActionButton.swift */,
			);
			path = Extensions;
			sourceTree = "<group>";
		};
		0B934F3D25AC4A8C00C8190E /* Views */ = {
			isa = PBXGroup;
			children = (
				D96E7B2E25BB2ACD00044D53 /* AddTripViewController */,
				0B934F3E25AC4AAF00C8190E /* TripsViewController */,
			);
			path = Views;
			sourceTree = "<group>";
		};
		0B934F3E25AC4AAF00C8190E /* TripsViewController */ = {
			isa = PBXGroup;
			children = (
				0B934F3F25AC4AE000C8190E /* TripsViewController.storyboard */,
				0B934F4225AC4AFF00C8190E /* TripsViewController.swift */,
				0B934F4B25AC5CA900C8190E /* TripsTableViewCell.swift */,
			);
			path = TripsViewController;
			sourceTree = "<group>";
		};
		0B9E45AE259CF83C0017CDA7 = {
			isa = PBXGroup;
			children = (
				0B9E45B9259CF83C0017CDA7 /* Itinerary App */,
				0B9E45B8259CF83C0017CDA7 /* Products */,
			);
			sourceTree = "<group>";
		};
		0B9E45B8259CF83C0017CDA7 /* Products */ = {
			isa = PBXGroup;
			children = (
				0B9E45B7259CF83C0017CDA7 /* Itinerary App.app */,
			);
			name = Products;
			sourceTree = "<group>";
		};
		0B9E45B9259CF83C0017CDA7 /* Itinerary App */ = {
			isa = PBXGroup;
			children = (
				0B67832A25AF2AA000C2FDC8 /* Resources */,
				0B934F3D25AC4A8C00C8190E /* Views */,
				0BA6D4BB25A8E86600E358D1 /* Model */,
				0B9E45BA259CF83C0017CDA7 /* AppDelegate.swift */,
				0B9E45BC259CF83C0017CDA7 /* SceneDelegate.swift */,
				0B9E45C3259CF8400017CDA7 /* Assets.xcassets */,
				0B9E45C5259CF8400017CDA7 /* LaunchScreen.storyboard */,
				0B9E45C8259CF8400017CDA7 /* Info.plist */,
			);
			path = "Itinerary App";
			sourceTree = "<group>";
		};
		0BA6D4BB25A8E86600E358D1 /* Model */ = {
			isa = PBXGroup;
			children = (
				0BA6D4C325A8EB1500E358D1 /* Data.swift */,
				0BA6D4BC25A8E88500E358D1 /* Trip */,
			);
			path = Model;
			sourceTree = "<group>";
		};
		0BA6D4BC25A8E88500E358D1 /* Trip */ = {
			isa = PBXGroup;
			children = (
				0BA6D4BD25A8E8A400E358D1 /* TripModel.swift */,
				0BA6D4C025A8E8BE00E358D1 /* TripFunctions.swift */,
			);
			path = Trip;
			sourceTree = "<group>";
		};
		D94361B825BEE2AD005A53A4 /* CustomControls */ = {
			isa = PBXGroup;
			children = (
				D94361B925BEE33A005A53A4 /* PopupUIView.swift */,
				D94361BC25BEF6F0005A53A4 /* AppUIButton.swift */,
			);
			path = CustomControls;
			sourceTree = "<group>";
		};
		D96E7B2E25BB2ACD00044D53 /* AddTripViewController */ = {
			isa = PBXGroup;
			children = (
				D96E7B2B25BB2AAC00044D53 /* AddTripViewController.storyboard */,
				D96E7B2F25BB2B3D00044D53 /* AddTripViewController.swift */,
			);
			path = AddTripViewController;
			sourceTree = "<group>";
		};
/* End PBXGroup section */

/* Begin PBXNativeTarget section */
		0B9E45B6259CF83C0017CDA7 /* Itinerary App */ = {
			isa = PBXNativeTarget;
			buildConfigurationList = 0B9E45CB259CF8400017CDA7 /* Build configuration list for PBXNativeTarget "Itinerary App" */;
			buildPhases = (
				0B9E45B3259CF83C0017CDA7 /* Sources */,
				0B9E45B4259CF83C0017CDA7 /* Frameworks */,
				0B9E45B5259CF83C0017CDA7 /* Resources */,
			);
			buildRules = (
			);
			dependencies = (
			);
			name = "Itinerary App";
			productName = "Itinerary App";
			productReference = 0B9E45B7259CF83C0017CDA7 /* Itinerary App.app */;
			productType = "com.apple.product-type.application";
		};
/* End PBXNativeTarget section */

/* Begin PBXProject section */
		0B9E45AF259CF83C0017CDA7 /* Project object */ = {
			isa = PBXProject;
			attributes = {
				LastSwiftUpdateCheck = 1220;
				LastUpgradeCheck = 1220;
				TargetAttributes = {
					0B9E45B6259CF83C0017CDA7 = {
						CreatedOnToolsVersion = 12.2;
					};
				};
			};
			buildConfigurationList = 0B9E45B2259CF83C0017CDA7 /* Build configuration list for PBXProject "Itinerary App" */;
			compatibilityVersion = "Xcode 9.3";
			developmentRegion = en;
			hasScannedForEncodings = 0;
			knownRegions = (
				en,
				Base,
			);
			mainGroup = 0B9E45AE259CF83C0017CDA7;
			productRefGroup = 0B9E45B8259CF83C0017CDA7 /* Products */;
			projectDirPath = "";
			projectRoot = "";
			targets = (
				0B9E45B6259CF83C0017CDA7 /* Itinerary App */,
			);
		};
/* End PBXProject section */

/* Begin PBXResourcesBuildPhase section */
		0B9E45B5259CF83C0017CDA7 /* Resources */ = {
			isa = PBXResourcesBuildPhase;
			buildActionMask = 2147483647;
			files = (
				D96E7B2C25BB2AAC00044D53 /* AddTripViewController.storyboard in Resources */,
				0B67833325AF480100C2FDC8 /* Colors.xcassets in Resources */,
				0B9E45C7259CF8400017CDA7 /* LaunchScreen.storyboard in Resources */,
				0B9E45C4259CF8400017CDA7 /* Assets.xcassets in Resources */,
				0B67832F25AF406D00C2FDC8 /* FugazOne-Regular.ttf in Resources */,
				0B934F4025AC4AE000C8190E /* TripsViewController.storyboard in Resources */,
			);
			runOnlyForDeploymentPostprocessing = 0;
		};
/* End PBXResourcesBuildPhase section */

/* Begin PBXSourcesBuildPhase section */
		0B9E45B3259CF83C0017CDA7 /* Sources */ = {
			isa = PBXSourcesBuildPhase;
			buildActionMask = 2147483647;
			files = (
				0B67832C25AF2ACD00C2FDC8 /* Theme.swift in Sources */,
				D94361BA25BEE33A005A53A4 /* PopupUIView.swift in Sources */,
				0B6473BA25B44D7800D2F1DC /* UIButtonExtension.swift in Sources */,
				0B934F4325AC4AFF00C8190E /* TripsViewController.swift in Sources */,
				0BA6D4C425A8EB1500E358D1 /* Data.swift in Sources */,
				D94361BD25BEF6F0005A53A4 /* AppUIButton.swift in Sources */,
				0B846BA225AD8F110000D4E4 /* UIViewExtensions.swift in Sources */,
				D96E7B3025BB2B3D00044D53 /* AddTripViewController.swift in Sources */,
				0BA6D4C125A8E8BE00E358D1 /* TripFunctions.swift in Sources */,
				0B9E45BB259CF83C0017CDA7 /* AppDelegate.swift in Sources */,
				0BA6D4BE25A8E8A400E358D1 /* TripModel.swift in Sources */,
				0B934F4C25AC5CA900C8190E /* TripsTableViewCell.swift in Sources */,
				0B6473C125B4B5BE00D2F1DC /* FloatingActionButton.swift in Sources */,
				0B9E45BD259CF83C0017CDA7 /* SceneDelegate.swift in Sources */,
			);
			runOnlyForDeploymentPostprocessing = 0;
		};
/* End PBXSourcesBuildPhase section */

/* Begin PBXVariantGroup section */
		0B9E45C5259CF8400017CDA7 /* LaunchScreen.storyboard */ = {
			isa = PBXVariantGroup;
			children = (
				0B9E45C6259CF8400017CDA7 /* Base */,
			);
			name = LaunchScreen.storyboard;
			sourceTree = "<group>";
		};
/* End PBXVariantGroup section */

/* Begin XCBuildConfiguration section */
		0B9E45C9259CF8400017CDA7 /* Debug */ = {
			isa = XCBuildConfiguration;
			buildSettings = {
				ALWAYS_SEARCH_USER_PATHS = NO;
				CLANG_ANALYZER_NONNULL = YES;
				CLANG_ANALYZER_NUMBER_OBJECT_CONVERSION = YES_AGGRESSIVE;
				CLANG_CXX_LANGUAGE_STANDARD = "gnu++14";
				CLANG_CXX_LIBRARY = "libc++";
				CLANG_ENABLE_MODULES = YES;
				CLANG_ENABLE_OBJC_ARC = YES;
				CLANG_ENABLE_OBJC_WEAK = YES;
				CLANG_WARN_BLOCK_CAPTURE_AUTORELEASING = YES;
				CLANG_WARN_BOOL_CONVERSION = YES;
				CLANG_WARN_COMMA = YES;
				CLANG_WARN_CONSTANT_CONVERSION = YES;
				CLANG_WARN_DEPRECATED_OBJC_IMPLEMENTATIONS = YES;
				CLANG_WARN_DIRECT_OBJC_ISA_USAGE = YES_ERROR;
				CLANG_WARN_DOCUMENTATION_COMMENTS = YES;
				CLANG_WARN_EMPTY_BODY = YES;
				CLANG_WARN_ENUM_CONVERSION = YES;
				CLANG_WARN_INFINITE_RECURSION = YES;
				CLANG_WARN_INT_CONVERSION = YES;
				CLANG_WARN_NON_LITERAL_NULL_CONVERSION = YES;
				CLANG_WARN_OBJC_IMPLICIT_RETAIN_SELF = YES;
				CLANG_WARN_OBJC_LITERAL_CONVERSION = YES;
				CLANG_WARN_OBJC_ROOT_CLASS = YES_ERROR;
				CLANG_WARN_QUOTED_INCLUDE_IN_FRAMEWORK_HEADER = YES;
				CLANG_WARN_RANGE_LOOP_ANALYSIS = YES;
				CLANG_WARN_STRICT_PROTOTYPES = YES;
				CLANG_WARN_SUSPICIOUS_MOVE = YES;
				CLANG_WARN_UNGUARDED_AVAILABILITY = YES_AGGRESSIVE;
				CLANG_WARN_UNREACHABLE_CODE = YES;
				CLANG_WARN__DUPLICATE_METHOD_MATCH = YES;
				COPY_PHASE_STRIP = NO;
				DEBUG_INFORMATION_FORMAT = dwarf;
				ENABLE_STRICT_OBJC_MSGSEND = YES;
				ENABLE_TESTABILITY = YES;
				GCC_C_LANGUAGE_STANDARD = gnu11;
				GCC_DYNAMIC_NO_PIC = NO;
				GCC_NO_COMMON_BLOCKS = YES;
				GCC_OPTIMIZATION_LEVEL = 0;
				GCC_PREPROCESSOR_DEFINITIONS = (
					"DEBUG=1",
					"$(inherited)",
				);
				GCC_WARN_64_TO_32_BIT_CONVERSION = YES;
				GCC_WARN_ABOUT_RETURN_TYPE = YES_ERROR;
				GCC_WARN_UNDECLARED_SELECTOR = YES;
				GCC_WARN_UNINITIALIZED_AUTOS = YES_AGGRESSIVE;
				GCC_WARN_UNUSED_FUNCTION = YES;
				GCC_WARN_UNUSED_VARIABLE = YES;
				IPHONEOS_DEPLOYMENT_TARGET = 14.2;
				MTL_ENABLE_DEBUG_INFO = INCLUDE_SOURCE;
				MTL_FAST_MATH = YES;
				ONLY_ACTIVE_ARCH = YES;
				SDKROOT = iphoneos;
				SWIFT_ACTIVE_COMPILATION_CONDITIONS = DEBUG;
				SWIFT_OPTIMIZATION_LEVEL = "-Onone";
			};
			name = Debug;
		};
		0B9E45CA259CF8400017CDA7 /* Release */ = {
			isa = XCBuildConfiguration;
			buildSettings = {
				ALWAYS_SEARCH_USER_PATHS = NO;
				CLANG_ANALYZER_NONNULL = YES;
				CLANG_ANALYZER_NUMBER_OBJECT_CONVERSION = YES_AGGRESSIVE;
				CLANG_CXX_LANGUAGE_STANDARD = "gnu++14";
				CLANG_CXX_LIBRARY = "libc++";
				CLANG_ENABLE_MODULES = YES;
				CLANG_ENABLE_OBJC_ARC = YES;
				CLANG_ENABLE_OBJC_WEAK = YES;
				CLANG_WARN_BLOCK_CAPTURE_AUTORELEASING = YES;
				CLANG_WARN_BOOL_CONVERSION = YES;
				CLANG_WARN_COMMA = YES;
				CLANG_WARN_CONSTANT_CONVERSION = YES;
				CLANG_WARN_DEPRECATED_OBJC_IMPLEMENTATIONS = YES;
				CLANG_WARN_DIRECT_OBJC_ISA_USAGE = YES_ERROR;
				CLANG_WARN_DOCUMENTATION_COMMENTS = YES;
				CLANG_WARN_EMPTY_BODY = YES;
				CLANG_WARN_ENUM_CONVERSION = YES;
				CLANG_WARN_INFINITE_RECURSION = YES;
				CLANG_WARN_INT_CONVERSION = YES;
				CLANG_WARN_NON_LITERAL_NULL_CONVERSION = YES;
				CLANG_WARN_OBJC_IMPLICIT_RETAIN_SELF = YES;
				CLANG_WARN_OBJC_LITERAL_CONVERSION = YES;
				CLANG_WARN_OBJC_ROOT_CLASS = YES_ERROR;
				CLANG_WARN_QUOTED_INCLUDE_IN_FRAMEWORK_HEADER = YES;
				CLANG_WARN_RANGE_LOOP_ANALYSIS = YES;
				CLANG_WARN_STRICT_PROTOTYPES = YES;
				CLANG_WARN_SUSPICIOUS_MOVE = YES;
				CLANG_WARN_UNGUARDED_AVAILABILITY = YES_AGGRESSIVE;
				CLANG_WARN_UNREACHABLE_CODE = YES;
				CLANG_WARN__DUPLICATE_METHOD_MATCH = YES;
				COPY_PHASE_STRIP = NO;
				DEBUG_INFORMATION_FORMAT = "dwarf-with-dsym";
				ENABLE_NS_ASSERTIONS = NO;
				ENABLE_STRICT_OBJC_MSGSEND = YES;
				GCC_C_LANGUAGE_STANDARD = gnu11;
				GCC_NO_COMMON_BLOCKS = YES;
				GCC_WARN_64_TO_32_BIT_CONVERSION = YES;
				GCC_WARN_ABOUT_RETURN_TYPE = YES_ERROR;
				GCC_WARN_UNDECLARED_SELECTOR = YES;
				GCC_WARN_UNINITIALIZED_AUTOS = YES_AGGRESSIVE;
				GCC_WARN_UNUSED_FUNCTION = YES;
				GCC_WARN_UNUSED_VARIABLE = YES;
				IPHONEOS_DEPLOYMENT_TARGET = 14.2;
				MTL_ENABLE_DEBUG_INFO = NO;
				MTL_FAST_MATH = YES;
				SDKROOT = iphoneos;
				SWIFT_COMPILATION_MODE = wholemodule;
				SWIFT_OPTIMIZATION_LEVEL = "-O";
				VALIDATE_PRODUCT = YES;
			};
			name = Release;
		};
		0B9E45CC259CF8400017CDA7 /* Debug */ = {
			isa = XCBuildConfiguration;
			buildSettings = {
				ASSETCATALOG_COMPILER_APPICON_NAME = AppIcon;
				ASSETCATALOG_COMPILER_GLOBAL_ACCENT_COLOR_NAME = AccentColor;
				CODE_SIGN_STYLE = Automatic;
				DEVELOPMENT_TEAM = 44X6M65T9Y;
				INFOPLIST_FILE = "Itinerary App/Info.plist";
				LD_RUNPATH_SEARCH_PATHS = (
					"$(inherited)",
					"@executable_path/Frameworks",
				);
				PRODUCT_BUNDLE_IDENTIFIER = "com.Ostapyshyn.Itinerary-App";
				PRODUCT_NAME = "$(TARGET_NAME)";
				SWIFT_VERSION = 5.0;
				TARGETED_DEVICE_FAMILY = "1,2";
			};
			name = Debug;
		};
		0B9E45CD259CF8400017CDA7 /* Release */ = {
			isa = XCBuildConfiguration;
			buildSettings = {
				ASSETCATALOG_COMPILER_APPICON_NAME = AppIcon;
				ASSETCATALOG_COMPILER_GLOBAL_ACCENT_COLOR_NAME = AccentColor;
				CODE_SIGN_STYLE = Automatic;
				DEVELOPMENT_TEAM = 44X6M65T9Y;
				INFOPLIST_FILE = "Itinerary App/Info.plist";
				LD_RUNPATH_SEARCH_PATHS = (
					"$(inherited)",
					"@executable_path/Frameworks",
				);
				PRODUCT_BUNDLE_IDENTIFIER = "com.Ostapyshyn.Itinerary-App";
				PRODUCT_NAME = "$(TARGET_NAME)";
				SWIFT_VERSION = 5.0;
				TARGETED_DEVICE_FAMILY = "1,2";
			};
			name = Release;
		};
/* End XCBuildConfiguration section */

/* Begin XCConfigurationList section */
		0B9E45B2259CF83C0017CDA7 /* Build configuration list for PBXProject "Itinerary App" */ = {
			isa = XCConfigurationList;
			buildConfigurations = (
				0B9E45C9259CF8400017CDA7 /* Debug */,
				0B9E45CA259CF8400017CDA7 /* Release */,
			);
			defaultConfigurationIsVisible = 0;
			defaultConfigurationName = Release;
		};
		0B9E45CB259CF8400017CDA7 /* Build configuration list for PBXNativeTarget "Itinerary App" */ = {
			isa = XCConfigurationList;
			buildConfigurations = (
				0B9E45CC259CF8400017CDA7 /* Debug */,
				0B9E45CD259CF8400017CDA7 /* Release */,
			);
			defaultConfigurationIsVisible = 0;
			defaultConfigurationName = Release;
		};
/* End XCConfigurationList section */
	};
	rootObject = 0B9E45AF259CF83C0017CDA7 /* Project object */;
}
